
Microsoft Visual Studio Solution File, Format Version 12.00
# Visual Studio Version 17
VisualStudioVersion = 17.4.33213.308
MinimumVisualStudioVersion = 10.0.40219.1
Project("{FAE04EC0-301F-11D3-BF4B-00C04F79EFBC}") = "ActiveWindowCapture", "ActiveWindowCapture\ActiveWindowCapture.csproj", "{DFCB4B88-44EE-4AE6-AD5F-8EE410BC6A23}"
EndProject
Global
	GlobalSection(SolutionConfigurationPlatforms) = preSolution
		Debug|Any CPU = Debug|Any CPU
		Release|Any CPU = Release|Any CPU
	EndGlobalSection
	GlobalSection(ProjectConfigurationPlatforms) = postSolution
		{DFCB4B88-44EE-4AE6-AD5F-8EE410BC6A23}.Debug|Any CPU.ActiveCfg = Debug|Any CPU
		{DFCB4B88-44EE-4AE6-AD5F-8EE410BC6A23}.Debug|Any CPU.Build.0 = Debug|Any CPU
		{DFCB4B88-44EE-4AE6-AD5F-8EE410BC6A23}.Release|Any CPU.ActiveCfg = Release|Any CPU
		{DFCB4B88-44EE-4AE6-AD5F-8EE410BC6A23}.Release|Any CPU.Build.0 = Release|Any CPU
	EndGlobalSection
	GlobalSection(SolutionProperties) = preSolution
		HideSolutionNode = FALSE
	EndGlobalSection
	GlobalSection(ExtensibilityGlobals) = postSolution
		SolutionGuid = {9463A518-84DD-4B08-9A2F-671E6A3EB760}
	EndGlobalSection
EndGlobal
